
Microsoft Visual Studio Solution File, Format Version 12.00
# Visual Studio 2013
VisualStudioVersion = 12.0.40629.0
MinimumVisualStudioVersion = 10.0.40219.1
Project("{FAE04EC0-301F-11D3-BF4B-00C04F79EFBC}") = "TestProcessExcelWithWcf", "TestProcessExcelWithWcf\TestProcessExcelWithWcf.csproj", "{C5056157-73CD-4A37-9C77-2634B87041A5}"
EndProject
Project("{FAE04EC0-301F-11D3-BF4B-00C04F79EFBC}") = "WinTestService", "WinTestService\WinTestService.csproj", "{C6E812F4-8DD0-4519-8DD2-0164A00568DD}"
	ProjectSection(ProjectDependencies) = postProject
		{C5056157-73CD-4A37-9C77-2634B87041A5} = {C5056157-73CD-4A37-9C77-2634B87041A5}
	EndProjectSection
EndProject
Global
	GlobalSection(SolutionConfigurationPlatforms) = preSolution
		Debug|Any CPU = Debug|Any CPU
		Release|Any CPU = Release|Any CPU
	EndGlobalSection
	GlobalSection(ProjectConfigurationPlatforms) = postSolution
		{C5056157-73CD-4A37-9C77-2634B87041A5}.Debug|Any CPU.ActiveCfg = Debug|Any CPU
		{C5056157-73CD-4A37-9C77-2634B87041A5}.Debug|Any CPU.Build.0 = Debug|Any CPU
		{C5056157-73CD-4A37-9C77-2634B87041A5}.Release|Any CPU.ActiveCfg = Release|Any CPU
		{C5056157-73CD-4A37-9C77-2634B87041A5}.Release|Any CPU.Build.0 = Release|Any CPU
		{C6E812F4-8DD0-4519-8DD2-0164A00568DD}.Debug|Any CPU.ActiveCfg = Debug|Any CPU
		{C6E812F4-8DD0-4519-8DD2-0164A00568DD}.Debug|Any CPU.Build.0 = Debug|Any CPU
		{C6E812F4-8DD0-4519-8DD2-0164A00568DD}.Release|Any CPU.ActiveCfg = Release|Any CPU
		{C6E812F4-8DD0-4519-8DD2-0164A00568DD}.Release|Any CPU.Build.0 = Release|Any CPU
	EndGlobalSection
	GlobalSection(SolutionProperties) = preSolution
		HideSolutionNode = FALSE
	EndGlobalSection
EndGlobal
